{
  "name": "cuvita",
  "version": "0.2.0",
  "lockfileVersion": 1,
  "requires": true,
  "dependencies": {
    "deep-diff": {
      "version": "0.3.8",
      "resolved": "https://registry.npmjs.org/deep-diff/-/deep-diff-0.3.8.tgz",
      "integrity": "sha1-wB3mPvsO7JeYgB1Ax+Da4ltYLIQ="
    },
    "redux-logger": {
      "version": "3.0.6",
      "resolved": "https://registry.npmjs.org/redux-logger/-/redux-logger-3.0.6.tgz",
      "integrity": "sha1-91VZZvMJjzyIYExEnPC69XeCdL8=",
      "requires": {
        "deep-diff": "^0.3.5"
      }
    },
    "redux-thunk": {
      "version": "2.3.0",
      "resolved": "https://registry.npmjs.org/redux-thunk/-/redux-thunk-2.3.0.tgz",
      "integrity": "sha512-km6dclyFnmcvxhAcrQV2AkZmPQjzPDjgVlQtR0EQjxZPyJ0BnMf3in1ryuR8A2qU0HldVRfxYXbFSKlI3N7Slw=="
    },
    "vant-weapp": {
      "version": "0.5.4",
      "resolved": "https://registry.npmjs.org/vant-weapp/-/vant-weapp-0.5.4.tgz",
      "integrity": "sha512-Cpj46iDMlECy4/kRat943+Qbpd536hhDGMvVfSG3dEyosjO1Po2OaoprA4ROw4JhOz/I3kQjhk/LCo6cbzSjJA=="
    },
    "wx-base64-qrcode": {
      "version": "1.0.3",
      "resolved": "https://registry.npmjs.org/wx-base64-qrcode/-/wx-base64-qrcode-1.0.3.tgz",
      "integrity": "sha512-p1O8oIfTDssvWlaR/A6U8veHzDymgH/ivnqFKv4CegwEiIXP6S4Svuu3WEg59uIXOdtJRrI9ZguslnsMFGyC+A=="
    }
  }
}
